
Microsoft Visual Studio Solution File, Format Version 12.00
# Visual Studio 15
VisualStudioVersion = 15.0.27130.2010
MinimumVisualStudioVersion = 10.0.40219.1
Project("{9A19103F-16F7-4668-BE54-9A1E7A4F7556}") = "EmployeesProject", "EmployeesProject\EmployeesProject.csproj", "{5FE7513C-4B21-46A9-9244-32365ABE6100}"
EndProject
Global
	GlobalSection(SolutionConfigurationPlatforms) = preSolution
		Debug|Any CPU = Debug|Any CPU
		Release|Any CPU = Release|Any CPU
	EndGlobalSection
	GlobalSection(ProjectConfigurationPlatforms) = postSolution
		{5FE7513C-4B21-46A9-9244-32365ABE6100}.Debug|Any CPU.ActiveCfg = Debug|Any CPU
		{5FE7513C-4B21-46A9-9244-32365ABE6100}.Debug|Any CPU.Build.0 = Debug|Any CPU
		{5FE7513C-4B21-46A9-9244-32365ABE6100}.Release|Any CPU.ActiveCfg = Release|Any CPU
		{5FE7513C-4B21-46A9-9244-32365ABE6100}.Release|Any CPU.Build.0 = Release|Any CPU
	EndGlobalSection
	GlobalSection(SolutionProperties) = preSolution
		HideSolutionNode = FALSE
	EndGlobalSection
	GlobalSection(ExtensibilityGlobals) = postSolution
		SolutionGuid = {8AD88568-110F-4111-BCE6-30468D13CD33}
	EndGlobalSection
EndGlobal
